
Microsoft Visual Studio Solution File, Format Version 12.00
# Visual Studio Version 16
VisualStudioVersion = 16.0.29326.143
MinimumVisualStudioVersion = 10.0.40219.1
Project("{FAE04EC0-301F-11D3-BF4B-00C04F79EFBC}") = "MenuHorizontalApp.Server", "MenuHorizontalApp\Server\MenuHorizontalApp.Server.csproj", "{4D4BDAEE-459E-48E0-B863-F0CAE58B1551}"
EndProject
Project("{FAE04EC0-301F-11D3-BF4B-00C04F79EFBC}") = "MenuHorizontalApp.Client", "MenuHorizontalApp\Client\MenuHorizontalApp.Client.csproj", "{5A02F460-C51A-43E0-94D9-921B8350C5DC}"
EndProject
Project("{FAE04EC0-301F-11D3-BF4B-00C04F79EFBC}") = "MenuHorizontalApp.Shared", "MenuHorizontalApp\Shared\MenuHorizontalApp.Shared.csproj", "{89637751-3B97-4E74-BC4B-26C22CE7BBDE}"
EndProject
Global
	GlobalSection(SolutionConfigurationPlatforms) = preSolution
		Debug|Any CPU = Debug|Any CPU
		Release|Any CPU = Release|Any CPU
	EndGlobalSection
	GlobalSection(ProjectConfigurationPlatforms) = postSolution
		{4D4BDAEE-459E-48E0-B863-F0CAE58B1551}.Debug|Any CPU.ActiveCfg = Debug|Any CPU
		{4D4BDAEE-459E-48E0-B863-F0CAE58B1551}.Debug|Any CPU.Build.0 = Debug|Any CPU
		{4D4BDAEE-459E-48E0-B863-F0CAE58B1551}.Release|Any CPU.ActiveCfg = Release|Any CPU
		{4D4BDAEE-459E-48E0-B863-F0CAE58B1551}.Release|Any CPU.Build.0 = Release|Any CPU
		{5A02F460-C51A-43E0-94D9-921B8350C5DC}.Debug|Any CPU.ActiveCfg = Debug|Any CPU
		{5A02F460-C51A-43E0-94D9-921B8350C5DC}.Debug|Any CPU.Build.0 = Debug|Any CPU
		{5A02F460-C51A-43E0-94D9-921B8350C5DC}.Release|Any CPU.ActiveCfg = Release|Any CPU
		{5A02F460-C51A-43E0-94D9-921B8350C5DC}.Release|Any CPU.Build.0 = Release|Any CPU
		{89637751-3B97-4E74-BC4B-26C22CE7BBDE}.Debug|Any CPU.ActiveCfg = Debug|Any CPU
		{89637751-3B97-4E74-BC4B-26C22CE7BBDE}.Debug|Any CPU.Build.0 = Debug|Any CPU
		{89637751-3B97-4E74-BC4B-26C22CE7BBDE}.Release|Any CPU.ActiveCfg = Release|Any CPU
		{89637751-3B97-4E74-BC4B-26C22CE7BBDE}.Release|Any CPU.Build.0 = Release|Any CPU
	EndGlobalSection
	GlobalSection(SolutionProperties) = preSolution
		HideSolutionNode = FALSE
	EndGlobalSection
	GlobalSection(ExtensibilityGlobals) = postSolution
		SolutionGuid = {EDD53D91-EC81-4F93-BA1D-4E67C50D33B9}
	EndGlobalSection
EndGlobal
