
Microsoft Visual Studio Solution File, Format Version 12.00
# Visual Studio Version 16
VisualStudioVersion = 16.0.29424.173
MinimumVisualStudioVersion = 10.0.40219.1
Project("{FAE04EC0-301F-11D3-BF4B-00C04F79EFBC}") = "Soeleman.Web", "Soeleman.Web\Soeleman.Web.csproj", "{C1A90663-3D7E-4464-96F0-925DC4D5B383}"
EndProject
Project("{FAE04EC0-301F-11D3-BF4B-00C04F79EFBC}") = "Soeleman.Assets.RazorPage", "Soeleman.Assets.RazorPage\Soeleman.Assets.RazorPage.csproj", "{9F1B64D3-FA7E-4861-823A-033EBB72BC97}"
EndProject
Project("{FAE04EC0-301F-11D3-BF4B-00C04F79EFBC}") = "Soeleman.Assets.RazorComponent", "Soeleman.Assets.RazorComponent\Soeleman.Assets.RazorComponent.csproj", "{B2F385D0-2A63-4D24-AA40-59B99B3161F0}"
EndProject
Global
	GlobalSection(SolutionConfigurationPlatforms) = preSolution
		Debug|Any CPU = Debug|Any CPU
		Release|Any CPU = Release|Any CPU
	EndGlobalSection
	GlobalSection(ProjectConfigurationPlatforms) = postSolution
		{C1A90663-3D7E-4464-96F0-925DC4D5B383}.Debug|Any CPU.ActiveCfg = Debug|Any CPU
		{C1A90663-3D7E-4464-96F0-925DC4D5B383}.Debug|Any CPU.Build.0 = Debug|Any CPU
		{C1A90663-3D7E-4464-96F0-925DC4D5B383}.Release|Any CPU.ActiveCfg = Release|Any CPU
		{C1A90663-3D7E-4464-96F0-925DC4D5B383}.Release|Any CPU.Build.0 = Release|Any CPU
		{9F1B64D3-FA7E-4861-823A-033EBB72BC97}.Debug|Any CPU.ActiveCfg = Debug|Any CPU
		{9F1B64D3-FA7E-4861-823A-033EBB72BC97}.Debug|Any CPU.Build.0 = Debug|Any CPU
		{9F1B64D3-FA7E-4861-823A-033EBB72BC97}.Release|Any CPU.ActiveCfg = Release|Any CPU
		{9F1B64D3-FA7E-4861-823A-033EBB72BC97}.Release|Any CPU.Build.0 = Release|Any CPU
		{B2F385D0-2A63-4D24-AA40-59B99B3161F0}.Debug|Any CPU.ActiveCfg = Debug|Any CPU
		{B2F385D0-2A63-4D24-AA40-59B99B3161F0}.Debug|Any CPU.Build.0 = Debug|Any CPU
		{B2F385D0-2A63-4D24-AA40-59B99B3161F0}.Release|Any CPU.ActiveCfg = Release|Any CPU
		{B2F385D0-2A63-4D24-AA40-59B99B3161F0}.Release|Any CPU.Build.0 = Release|Any CPU
	EndGlobalSection
	GlobalSection(SolutionProperties) = preSolution
		HideSolutionNode = FALSE
	EndGlobalSection
	GlobalSection(ExtensibilityGlobals) = postSolution
		SolutionGuid = {5509205B-8C60-4019-8868-1A1903726D9B}
	EndGlobalSection
EndGlobal
