
Microsoft Visual Studio Solution File, Format Version 12.00
# Visual Studio Version 17
VisualStudioVersion = 17.6.33801.468
MinimumVisualStudioVersion = 10.0.40219.1
Project("{FAE04EC0-301F-11D3-BF4B-00C04F79EFBC}") = "ConsoleBase", "ConsoleBase.csproj", "{B355E639-1518-43E3-9E25-82208700D4F2}"
EndProject
Global
	GlobalSection(SolutionConfigurationPlatforms) = preSolution
		Debug|Any CPU = Debug|Any CPU
		Release|Any CPU = Release|Any CPU
	EndGlobalSection
	GlobalSection(ProjectConfigurationPlatforms) = postSolution
		{B355E639-1518-43E3-9E25-82208700D4F2}.Debug|Any CPU.ActiveCfg = Debug|Any CPU
		{B355E639-1518-43E3-9E25-82208700D4F2}.Debug|Any CPU.Build.0 = Debug|Any CPU
		{B355E639-1518-43E3-9E25-82208700D4F2}.Release|Any CPU.ActiveCfg = Release|Any CPU
		{B355E639-1518-43E3-9E25-82208700D4F2}.Release|Any CPU.Build.0 = Release|Any CPU
	EndGlobalSection
	GlobalSection(SolutionProperties) = preSolution
		HideSolutionNode = FALSE
	EndGlobalSection
	GlobalSection(ExtensibilityGlobals) = postSolution
		SolutionGuid = {B87FA91C-1CE7-498E-9D83-6A1EC9B8A6F1}
	EndGlobalSection
EndGlobal
