
Microsoft Visual Studio Solution File, Format Version 12.00
# Visual Studio Version 16
VisualStudioVersion = 16.0.29409.12
MinimumVisualStudioVersion = 10.0.40219.1
Project("{FAE04EC0-301F-11D3-BF4B-00C04F79EFBC}") = "Soeleman.Libs.LayoutNetStandard", "Soeleman.Libs.LayoutNetStandard\Soeleman.Libs.LayoutNetStandard.csproj", "{93BA74EE-E60D-4990-A316-221F03EBC3D8}"
EndProject
Project("{FAE04EC0-301F-11D3-BF4B-00C04F79EFBC}") = "Soeleman.Libs.LayoutNetCore", "Soeleman.Libs.LayoutNetCore\Soeleman.Libs.LayoutNetCore.csproj", "{097C6E4E-02EC-4C17-908E-8BA45EB6884D}"
EndProject
Project("{2150E333-8FDC-42A3-9474-1A3956D46DE8}") = "Libs", "Libs", "{A47B6E51-1D60-45B8-8297-F9F5D79A12EA}"
EndProject
Project("{2150E333-8FDC-42A3-9474-1A3956D46DE8}") = "Webs", "Webs", "{D19826E9-47E3-4157-9CCB-B55FC75F009C}"
EndProject
Project("{2150E333-8FDC-42A3-9474-1A3956D46DE8}") = "Razor", "Razor", "{F62D1E76-5A18-4BF5-845A-2BA46C004C8D}"
EndProject
Project("{2150E333-8FDC-42A3-9474-1A3956D46DE8}") = "Mvc", "Mvc", "{98E01090-FD3D-4DC8-926B-007165CA87A2}"
EndProject
Project("{2150E333-8FDC-42A3-9474-1A3956D46DE8}") = "Blazor", "Blazor", "{4AF785D7-2682-4488-9E55-DB8AC8D63581}"
EndProject
Project("{2150E333-8FDC-42A3-9474-1A3956D46DE8}") = "Server", "Server", "{8E2C4A38-8A99-4DA5-BE4C-40E1D363F630}"
EndProject
Project("{2150E333-8FDC-42A3-9474-1A3956D46DE8}") = "Wasm", "Wasm", "{7F20C192-BC65-45C7-8CE8-E2DC54C69D25}"
EndProject
Project("{2150E333-8FDC-42A3-9474-1A3956D46DE8}") = "WasmWeb", "WasmWeb", "{72AB01EC-DF86-49A9-B1D3-87D52B359806}"
EndProject
Project("{FAE04EC0-301F-11D3-BF4B-00C04F79EFBC}") = "Soeleman.WebRazor", "Soeleman.WebRazor\Soeleman.WebRazor.csproj", "{3B267B7A-5491-4FDB-BF61-92AFA8BAE94E}"
EndProject
Project("{FAE04EC0-301F-11D3-BF4B-00C04F79EFBC}") = "Soeleman.WebMvc", "Soeleman.WebMvc\Soeleman.WebMvc.csproj", "{F553DCAB-00A3-4D77-8D93-75C8ED40D119}"
EndProject
Project("{FAE04EC0-301F-11D3-BF4B-00C04F79EFBC}") = "Soeleman.BlazorServer", "Soeleman.BlazorServer\Soeleman.BlazorServer.csproj", "{AB3F68BA-D104-46FB-B3A1-D6A137FE5524}"
EndProject
Project("{FAE04EC0-301F-11D3-BF4B-00C04F79EFBC}") = "Soeleman.BlazorWasm.Server", "Soeleman.BlazorWasm\Server\Soeleman.BlazorWasm.Server.csproj", "{F3A5CEBF-B345-4F4B-9DD7-C2CF1EE9428B}"
EndProject
Project("{FAE04EC0-301F-11D3-BF4B-00C04F79EFBC}") = "Soeleman.BlazorWasm.Client", "Soeleman.BlazorWasm\Client\Soeleman.BlazorWasm.Client.csproj", "{64603E7A-9A93-4FA0-90E2-C5372C36BA18}"
EndProject
Project("{FAE04EC0-301F-11D3-BF4B-00C04F79EFBC}") = "Soeleman.BlazorWasm.Shared", "Soeleman.BlazorWasm\Shared\Soeleman.BlazorWasm.Shared.csproj", "{4F8B2270-0A3F-49BB-A8A4-4355D7DC15DB}"
EndProject
Project("{FAE04EC0-301F-11D3-BF4B-00C04F79EFBC}") = "Soeleman.BlazorWasmWeb", "Soeleman.BlazorWasmWeb\Soeleman.BlazorWasmWeb.csproj", "{2E4D0909-69E8-48A3-B4AD-165761C1E15A}"
EndProject
Project("{FAE04EC0-301F-11D3-BF4B-00C04F79EFBC}") = "Soeleman.Libs.LayoutBlazor", "Soeleman.Libs.LayoutBlazor\Soeleman.Libs.LayoutBlazor.csproj", "{B7DAD4A6-82AF-47DB-9C8A-9BC665BDE2E1}"
EndProject
Project("{2150E333-8FDC-42A3-9474-1A3956D46DE8}") = "Apps", "Apps", "{8EDACCCC-A9BB-496A-A891-BB875849A086}"
EndProject
Project("{FAE04EC0-301F-11D3-BF4B-00C04F79EFBC}") = "Soeleman.Libs.Core", "Soeleman.Libs.Core\Soeleman.Libs.Core.csproj", "{6668945C-7563-4928-9DD9-2E43AC1E883D}"
EndProject
Project("{2150E333-8FDC-42A3-9474-1A3956D46DE8}") = "Assets", "Assets", "{2729859B-19C8-4ADA-A482-E80634A0C00B}"
	ProjectSection(SolutionItems) = preProject
		NuGet.config = NuGet.config
		ReadMe.md = ReadMe.md
	EndProjectSection
EndProject
Global
	GlobalSection(SolutionConfigurationPlatforms) = preSolution
		Debug|Any CPU = Debug|Any CPU
		Release|Any CPU = Release|Any CPU
	EndGlobalSection
	GlobalSection(ProjectConfigurationPlatforms) = postSolution
		{93BA74EE-E60D-4990-A316-221F03EBC3D8}.Debug|Any CPU.ActiveCfg = Debug|Any CPU
		{93BA74EE-E60D-4990-A316-221F03EBC3D8}.Debug|Any CPU.Build.0 = Debug|Any CPU
		{93BA74EE-E60D-4990-A316-221F03EBC3D8}.Release|Any CPU.ActiveCfg = Release|Any CPU
		{93BA74EE-E60D-4990-A316-221F03EBC3D8}.Release|Any CPU.Build.0 = Release|Any CPU
		{097C6E4E-02EC-4C17-908E-8BA45EB6884D}.Debug|Any CPU.ActiveCfg = Debug|Any CPU
		{097C6E4E-02EC-4C17-908E-8BA45EB6884D}.Debug|Any CPU.Build.0 = Debug|Any CPU
		{097C6E4E-02EC-4C17-908E-8BA45EB6884D}.Release|Any CPU.ActiveCfg = Release|Any CPU
		{097C6E4E-02EC-4C17-908E-8BA45EB6884D}.Release|Any CPU.Build.0 = Release|Any CPU
		{3B267B7A-5491-4FDB-BF61-92AFA8BAE94E}.Debug|Any CPU.ActiveCfg = Debug|Any CPU
		{3B267B7A-5491-4FDB-BF61-92AFA8BAE94E}.Debug|Any CPU.Build.0 = Debug|Any CPU
		{3B267B7A-5491-4FDB-BF61-92AFA8BAE94E}.Release|Any CPU.ActiveCfg = Release|Any CPU
		{3B267B7A-5491-4FDB-BF61-92AFA8BAE94E}.Release|Any CPU.Build.0 = Release|Any CPU
		{F553DCAB-00A3-4D77-8D93-75C8ED40D119}.Debug|Any CPU.ActiveCfg = Debug|Any CPU
		{F553DCAB-00A3-4D77-8D93-75C8ED40D119}.Debug|Any CPU.Build.0 = Debug|Any CPU
		{F553DCAB-00A3-4D77-8D93-75C8ED40D119}.Release|Any CPU.ActiveCfg = Release|Any CPU
		{F553DCAB-00A3-4D77-8D93-75C8ED40D119}.Release|Any CPU.Build.0 = Release|Any CPU
		{AB3F68BA-D104-46FB-B3A1-D6A137FE5524}.Debug|Any CPU.ActiveCfg = Debug|Any CPU
		{AB3F68BA-D104-46FB-B3A1-D6A137FE5524}.Debug|Any CPU.Build.0 = Debug|Any CPU
		{AB3F68BA-D104-46FB-B3A1-D6A137FE5524}.Release|Any CPU.ActiveCfg = Release|Any CPU
		{AB3F68BA-D104-46FB-B3A1-D6A137FE5524}.Release|Any CPU.Build.0 = Release|Any CPU
		{F3A5CEBF-B345-4F4B-9DD7-C2CF1EE9428B}.Debug|Any CPU.ActiveCfg = Debug|Any CPU
		{F3A5CEBF-B345-4F4B-9DD7-C2CF1EE9428B}.Debug|Any CPU.Build.0 = Debug|Any CPU
		{F3A5CEBF-B345-4F4B-9DD7-C2CF1EE9428B}.Release|Any CPU.ActiveCfg = Release|Any CPU
		{F3A5CEBF-B345-4F4B-9DD7-C2CF1EE9428B}.Release|Any CPU.Build.0 = Release|Any CPU
		{64603E7A-9A93-4FA0-90E2-C5372C36BA18}.Debug|Any CPU.ActiveCfg = Debug|Any CPU
		{64603E7A-9A93-4FA0-90E2-C5372C36BA18}.Debug|Any CPU.Build.0 = Debug|Any CPU
		{64603E7A-9A93-4FA0-90E2-C5372C36BA18}.Release|Any CPU.ActiveCfg = Release|Any CPU
		{64603E7A-9A93-4FA0-90E2-C5372C36BA18}.Release|Any CPU.Build.0 = Release|Any CPU
		{4F8B2270-0A3F-49BB-A8A4-4355D7DC15DB}.Debug|Any CPU.ActiveCfg = Debug|Any CPU
		{4F8B2270-0A3F-49BB-A8A4-4355D7DC15DB}.Debug|Any CPU.Build.0 = Debug|Any CPU
		{4F8B2270-0A3F-49BB-A8A4-4355D7DC15DB}.Release|Any CPU.ActiveCfg = Release|Any CPU
		{4F8B2270-0A3F-49BB-A8A4-4355D7DC15DB}.Release|Any CPU.Build.0 = Release|Any CPU
		{2E4D0909-69E8-48A3-B4AD-165761C1E15A}.Debug|Any CPU.ActiveCfg = Debug|Any CPU
		{2E4D0909-69E8-48A3-B4AD-165761C1E15A}.Debug|Any CPU.Build.0 = Debug|Any CPU
		{2E4D0909-69E8-48A3-B4AD-165761C1E15A}.Release|Any CPU.ActiveCfg = Release|Any CPU
		{2E4D0909-69E8-48A3-B4AD-165761C1E15A}.Release|Any CPU.Build.0 = Release|Any CPU
		{B7DAD4A6-82AF-47DB-9C8A-9BC665BDE2E1}.Debug|Any CPU.ActiveCfg = Debug|Any CPU
		{B7DAD4A6-82AF-47DB-9C8A-9BC665BDE2E1}.Debug|Any CPU.Build.0 = Debug|Any CPU
		{B7DAD4A6-82AF-47DB-9C8A-9BC665BDE2E1}.Release|Any CPU.ActiveCfg = Release|Any CPU
		{B7DAD4A6-82AF-47DB-9C8A-9BC665BDE2E1}.Release|Any CPU.Build.0 = Release|Any CPU
		{6668945C-7563-4928-9DD9-2E43AC1E883D}.Debug|Any CPU.ActiveCfg = Debug|Any CPU
		{6668945C-7563-4928-9DD9-2E43AC1E883D}.Debug|Any CPU.Build.0 = Debug|Any CPU
		{6668945C-7563-4928-9DD9-2E43AC1E883D}.Release|Any CPU.ActiveCfg = Release|Any CPU
		{6668945C-7563-4928-9DD9-2E43AC1E883D}.Release|Any CPU.Build.0 = Release|Any CPU
	EndGlobalSection
	GlobalSection(SolutionProperties) = preSolution
		HideSolutionNode = FALSE
	EndGlobalSection
	GlobalSection(NestedProjects) = preSolution
		{93BA74EE-E60D-4990-A316-221F03EBC3D8} = {A47B6E51-1D60-45B8-8297-F9F5D79A12EA}
		{097C6E4E-02EC-4C17-908E-8BA45EB6884D} = {A47B6E51-1D60-45B8-8297-F9F5D79A12EA}
		{D19826E9-47E3-4157-9CCB-B55FC75F009C} = {8EDACCCC-A9BB-496A-A891-BB875849A086}
		{F62D1E76-5A18-4BF5-845A-2BA46C004C8D} = {D19826E9-47E3-4157-9CCB-B55FC75F009C}
		{98E01090-FD3D-4DC8-926B-007165CA87A2} = {D19826E9-47E3-4157-9CCB-B55FC75F009C}
		{4AF785D7-2682-4488-9E55-DB8AC8D63581} = {8EDACCCC-A9BB-496A-A891-BB875849A086}
		{8E2C4A38-8A99-4DA5-BE4C-40E1D363F630} = {4AF785D7-2682-4488-9E55-DB8AC8D63581}
		{7F20C192-BC65-45C7-8CE8-E2DC54C69D25} = {4AF785D7-2682-4488-9E55-DB8AC8D63581}
		{72AB01EC-DF86-49A9-B1D3-87D52B359806} = {4AF785D7-2682-4488-9E55-DB8AC8D63581}
		{3B267B7A-5491-4FDB-BF61-92AFA8BAE94E} = {F62D1E76-5A18-4BF5-845A-2BA46C004C8D}
		{F553DCAB-00A3-4D77-8D93-75C8ED40D119} = {98E01090-FD3D-4DC8-926B-007165CA87A2}
		{AB3F68BA-D104-46FB-B3A1-D6A137FE5524} = {8E2C4A38-8A99-4DA5-BE4C-40E1D363F630}
		{F3A5CEBF-B345-4F4B-9DD7-C2CF1EE9428B} = {7F20C192-BC65-45C7-8CE8-E2DC54C69D25}
		{64603E7A-9A93-4FA0-90E2-C5372C36BA18} = {7F20C192-BC65-45C7-8CE8-E2DC54C69D25}
		{4F8B2270-0A3F-49BB-A8A4-4355D7DC15DB} = {7F20C192-BC65-45C7-8CE8-E2DC54C69D25}
		{2E4D0909-69E8-48A3-B4AD-165761C1E15A} = {72AB01EC-DF86-49A9-B1D3-87D52B359806}
		{B7DAD4A6-82AF-47DB-9C8A-9BC665BDE2E1} = {A47B6E51-1D60-45B8-8297-F9F5D79A12EA}
		{6668945C-7563-4928-9DD9-2E43AC1E883D} = {A47B6E51-1D60-45B8-8297-F9F5D79A12EA}
	EndGlobalSection
	GlobalSection(ExtensibilityGlobals) = postSolution
		SolutionGuid = {BD8B2824-CBD3-4F80-A9EB-7DCA661B987F}
	EndGlobalSection
EndGlobal
