
Microsoft Visual Studio Solution File, Format Version 12.00
# Visual Studio Version 16
VisualStudioVersion = 16.0.29326.143
MinimumVisualStudioVersion = 10.0.40219.1
Project("{9A19103F-16F7-4668-BE54-9A1E7A4F7556}") = "Soeleman.Web", "Soeleman.Web\Soeleman.Web.csproj", "{A5E1C277-8C06-4CBC-B9EA-CBB8948B2A91}"
EndProject
Project("{9A19103F-16F7-4668-BE54-9A1E7A4F7556}") = "Soeleman.Extensions.NetCore", "Soeleman.Extensions.NetCore\Soeleman.Extensions.NetCore.csproj", "{24518F5F-B8B7-4352-B18D-0FE259D47103}"
EndProject
Project("{9A19103F-16F7-4668-BE54-9A1E7A4F7556}") = "Soeleman.Mvc", "Soeleman.Mvc\Soeleman.Mvc.csproj", "{F02041EF-7A78-4347-A120-28ABF17D48FD}"
EndProject
Global
	GlobalSection(SolutionConfigurationPlatforms) = preSolution
		Debug|Any CPU = Debug|Any CPU
		Release|Any CPU = Release|Any CPU
	EndGlobalSection
	GlobalSection(ProjectConfigurationPlatforms) = postSolution
		{A5E1C277-8C06-4CBC-B9EA-CBB8948B2A91}.Debug|Any CPU.ActiveCfg = Debug|Any CPU
		{A5E1C277-8C06-4CBC-B9EA-CBB8948B2A91}.Debug|Any CPU.Build.0 = Debug|Any CPU
		{A5E1C277-8C06-4CBC-B9EA-CBB8948B2A91}.Release|Any CPU.ActiveCfg = Release|Any CPU
		{A5E1C277-8C06-4CBC-B9EA-CBB8948B2A91}.Release|Any CPU.Build.0 = Release|Any CPU
		{24518F5F-B8B7-4352-B18D-0FE259D47103}.Debug|Any CPU.ActiveCfg = Debug|Any CPU
		{24518F5F-B8B7-4352-B18D-0FE259D47103}.Debug|Any CPU.Build.0 = Debug|Any CPU
		{24518F5F-B8B7-4352-B18D-0FE259D47103}.Release|Any CPU.ActiveCfg = Release|Any CPU
		{24518F5F-B8B7-4352-B18D-0FE259D47103}.Release|Any CPU.Build.0 = Release|Any CPU
		{F02041EF-7A78-4347-A120-28ABF17D48FD}.Debug|Any CPU.ActiveCfg = Debug|Any CPU
		{F02041EF-7A78-4347-A120-28ABF17D48FD}.Debug|Any CPU.Build.0 = Debug|Any CPU
		{F02041EF-7A78-4347-A120-28ABF17D48FD}.Release|Any CPU.ActiveCfg = Release|Any CPU
		{F02041EF-7A78-4347-A120-28ABF17D48FD}.Release|Any CPU.Build.0 = Release|Any CPU
	EndGlobalSection
	GlobalSection(SolutionProperties) = preSolution
		HideSolutionNode = FALSE
	EndGlobalSection
	GlobalSection(ExtensibilityGlobals) = postSolution
		SolutionGuid = {F74D36F0-96FD-4469-9544-52597A7F16A1}
	EndGlobalSection
EndGlobal
