
Microsoft Visual Studio Solution File, Format Version 12.00
# Visual Studio Version 16
VisualStudioVersion = 16.0.29609.76
MinimumVisualStudioVersion = 10.0.40219.1
Project("{9A19103F-16F7-4668-BE54-9A1E7A4F7556}") = "Soeleman.ConsoleApp", "Soeleman.ConsoleApp\Soeleman.ConsoleApp.csproj", "{E50038BC-709A-4A97-862C-B1B300BBBD3B}"
EndProject
Project("{9A19103F-16F7-4668-BE54-9A1E7A4F7556}") = "Soeleman.Abstractions", "Soeleman.Abstractions\Soeleman.Abstractions.csproj", "{74AE40EA-2823-484A-A431-1D567F376DC8}"
EndProject
Project("{9A19103F-16F7-4668-BE54-9A1E7A4F7556}") = "Soeleman.Libs.Hello", "Soeleman.Libs.Hello\Soeleman.Libs.Hello.csproj", "{836D6618-BA1E-4741-BF07-086660DC6698}"
EndProject
Project("{9A19103F-16F7-4668-BE54-9A1E7A4F7556}") = "Soeleman.Libs.TikTok", "Soeleman.Libs.TikTok\Soeleman.Libs.TikTok.csproj", "{555B2390-525A-4750-A4C9-DE687CA53820}"
EndProject
Project("{9A19103F-16F7-4668-BE54-9A1E7A4F7556}") = "Soeleman.WebApp", "Soeleman.WebApp\Soeleman.WebApp.csproj", "{061A32D8-F1E3-42ED-B16F-2BF92781BD70}"
EndProject
Project("{2150E333-8FDC-42A3-9474-1A3956D46DE8}") = "Libs", "Libs", "{844184B4-EDB0-43C7-A87E-E03C31E3C4EB}"
EndProject
Project("{2150E333-8FDC-42A3-9474-1A3956D46DE8}") = "Apps", "Apps", "{88A20F72-B42B-4C76-A46D-058EFA92F72F}"
EndProject
Project("{FAE04EC0-301F-11D3-BF4B-00C04F79EFBC}") = "Soeleman.Libs.NetCore", "Soeleman.Libs.NetCore\Soeleman.Libs.NetCore.csproj", "{845CE666-2C32-4165-AE88-413B4C27728D}"
EndProject
Project("{FAE04EC0-301F-11D3-BF4B-00C04F79EFBC}") = "Soeleman.ConsoleNetFramework", "Soeleman.ConsoleNetFramework\Soeleman.ConsoleNetFramework.csproj", "{DA5CD34E-00BE-4199-8FF3-5E6124173376}"
EndProject
Global
	GlobalSection(SolutionConfigurationPlatforms) = preSolution
		Debug|Any CPU = Debug|Any CPU
		Release|Any CPU = Release|Any CPU
	EndGlobalSection
	GlobalSection(ProjectConfigurationPlatforms) = postSolution
		{E50038BC-709A-4A97-862C-B1B300BBBD3B}.Debug|Any CPU.ActiveCfg = Debug|Any CPU
		{E50038BC-709A-4A97-862C-B1B300BBBD3B}.Debug|Any CPU.Build.0 = Debug|Any CPU
		{E50038BC-709A-4A97-862C-B1B300BBBD3B}.Release|Any CPU.ActiveCfg = Release|Any CPU
		{E50038BC-709A-4A97-862C-B1B300BBBD3B}.Release|Any CPU.Build.0 = Release|Any CPU
		{74AE40EA-2823-484A-A431-1D567F376DC8}.Debug|Any CPU.ActiveCfg = Debug|Any CPU
		{74AE40EA-2823-484A-A431-1D567F376DC8}.Debug|Any CPU.Build.0 = Debug|Any CPU
		{74AE40EA-2823-484A-A431-1D567F376DC8}.Release|Any CPU.ActiveCfg = Release|Any CPU
		{74AE40EA-2823-484A-A431-1D567F376DC8}.Release|Any CPU.Build.0 = Release|Any CPU
		{836D6618-BA1E-4741-BF07-086660DC6698}.Debug|Any CPU.ActiveCfg = Debug|Any CPU
		{836D6618-BA1E-4741-BF07-086660DC6698}.Debug|Any CPU.Build.0 = Debug|Any CPU
		{836D6618-BA1E-4741-BF07-086660DC6698}.Release|Any CPU.ActiveCfg = Release|Any CPU
		{836D6618-BA1E-4741-BF07-086660DC6698}.Release|Any CPU.Build.0 = Release|Any CPU
		{555B2390-525A-4750-A4C9-DE687CA53820}.Debug|Any CPU.ActiveCfg = Debug|Any CPU
		{555B2390-525A-4750-A4C9-DE687CA53820}.Debug|Any CPU.Build.0 = Debug|Any CPU
		{555B2390-525A-4750-A4C9-DE687CA53820}.Release|Any CPU.ActiveCfg = Release|Any CPU
		{555B2390-525A-4750-A4C9-DE687CA53820}.Release|Any CPU.Build.0 = Release|Any CPU
		{061A32D8-F1E3-42ED-B16F-2BF92781BD70}.Debug|Any CPU.ActiveCfg = Debug|Any CPU
		{061A32D8-F1E3-42ED-B16F-2BF92781BD70}.Debug|Any CPU.Build.0 = Debug|Any CPU
		{061A32D8-F1E3-42ED-B16F-2BF92781BD70}.Release|Any CPU.ActiveCfg = Release|Any CPU
		{061A32D8-F1E3-42ED-B16F-2BF92781BD70}.Release|Any CPU.Build.0 = Release|Any CPU
		{845CE666-2C32-4165-AE88-413B4C27728D}.Debug|Any CPU.ActiveCfg = Debug|Any CPU
		{845CE666-2C32-4165-AE88-413B4C27728D}.Debug|Any CPU.Build.0 = Debug|Any CPU
		{845CE666-2C32-4165-AE88-413B4C27728D}.Release|Any CPU.ActiveCfg = Release|Any CPU
		{845CE666-2C32-4165-AE88-413B4C27728D}.Release|Any CPU.Build.0 = Release|Any CPU
		{DA5CD34E-00BE-4199-8FF3-5E6124173376}.Debug|Any CPU.ActiveCfg = Debug|Any CPU
		{DA5CD34E-00BE-4199-8FF3-5E6124173376}.Debug|Any CPU.Build.0 = Debug|Any CPU
		{DA5CD34E-00BE-4199-8FF3-5E6124173376}.Release|Any CPU.ActiveCfg = Release|Any CPU
		{DA5CD34E-00BE-4199-8FF3-5E6124173376}.Release|Any CPU.Build.0 = Release|Any CPU
	EndGlobalSection
	GlobalSection(SolutionProperties) = preSolution
		HideSolutionNode = FALSE
	EndGlobalSection
	GlobalSection(NestedProjects) = preSolution
		{E50038BC-709A-4A97-862C-B1B300BBBD3B} = {88A20F72-B42B-4C76-A46D-058EFA92F72F}
		{74AE40EA-2823-484A-A431-1D567F376DC8} = {844184B4-EDB0-43C7-A87E-E03C31E3C4EB}
		{836D6618-BA1E-4741-BF07-086660DC6698} = {844184B4-EDB0-43C7-A87E-E03C31E3C4EB}
		{555B2390-525A-4750-A4C9-DE687CA53820} = {844184B4-EDB0-43C7-A87E-E03C31E3C4EB}
		{061A32D8-F1E3-42ED-B16F-2BF92781BD70} = {88A20F72-B42B-4C76-A46D-058EFA92F72F}
		{845CE666-2C32-4165-AE88-413B4C27728D} = {844184B4-EDB0-43C7-A87E-E03C31E3C4EB}
		{DA5CD34E-00BE-4199-8FF3-5E6124173376} = {88A20F72-B42B-4C76-A46D-058EFA92F72F}
	EndGlobalSection
	GlobalSection(ExtensibilityGlobals) = postSolution
		SolutionGuid = {8202011A-DBD5-43BF-B4ED-5B764DED8789}
	EndGlobalSection
EndGlobal
