
Microsoft Visual Studio Solution File, Format Version 12.00
# Visual Studio Version 16
VisualStudioVersion = 16.0.29326.143
MinimumVisualStudioVersion = 10.0.40219.1
Project("{FAE04EC0-301F-11D3-BF4B-00C04F79EFBC}") = "MenuHorizontalApp", "MenuHorizontalApp\MenuHorizontalApp.csproj", "{070876A3-87A1-4204-AE37-BCA05B5CBCA1}"
EndProject
Global
	GlobalSection(SolutionConfigurationPlatforms) = preSolution
		Debug|Any CPU = Debug|Any CPU
		Release|Any CPU = Release|Any CPU
	EndGlobalSection
	GlobalSection(ProjectConfigurationPlatforms) = postSolution
		{070876A3-87A1-4204-AE37-BCA05B5CBCA1}.Debug|Any CPU.ActiveCfg = Debug|Any CPU
		{070876A3-87A1-4204-AE37-BCA05B5CBCA1}.Debug|Any CPU.Build.0 = Debug|Any CPU
		{070876A3-87A1-4204-AE37-BCA05B5CBCA1}.Release|Any CPU.ActiveCfg = Release|Any CPU
		{070876A3-87A1-4204-AE37-BCA05B5CBCA1}.Release|Any CPU.Build.0 = Release|Any CPU
	EndGlobalSection
	GlobalSection(SolutionProperties) = preSolution
		HideSolutionNode = FALSE
	EndGlobalSection
	GlobalSection(ExtensibilityGlobals) = postSolution
		SolutionGuid = {BF31422A-A677-46DC-A4B1-CA26C71DB4AB}
	EndGlobalSection
EndGlobal
